// !$*UTF8*$!
{
	archiveVersion = 1;
	classes = {
	};
	objectVersion = 46;
	objects = {

/* Begin PBXBuildFile section */
		DF0B776F19422C8B00B4ED61 /* EnthusiastProfileViewController.m in Sources */ = {isa = PBXBuildFile; fileRef = DF0B776E19422C8B00B4ED61 /* EnthusiastProfileViewController.m */; };
		DF0B77721942687300B4ED61 /* AddToShareViewController.m in Sources */ = {isa = PBXBuildFile; fileRef = DF0B77711942687300B4ED61 /* AddToShareViewController.m */; };
		DF0B777519426BB100B4ED61 /* AddToShareCollectionViewCell.m in Sources */ = {isa = PBXBuildFile; fileRef = DF0B777419426BB100B4ED61 /* AddToShareCollectionViewCell.m */; };
		DF0B777819429C7300B4ED61 /* RootCollectionViewCell.m in Sources */ = {isa = PBXBuildFile; fileRef = DF0B777719429C7300B4ED61 /* RootCollectionViewCell.m */; };
		DF0E341C1944321800F654E0 /* SearchTableViewCell.m in Sources */ = {isa = PBXBuildFile; fileRef = DF0E341B1944321800F654E0 /* SearchTableViewCell.m */; };
		DF0F00BE1926B4CB009EA0CB /* ProfileViewController.m in Sources */ = {isa = PBXBuildFile; fileRef = DF0F00BD1926B4CB009EA0CB /* ProfileViewController.m */; };
		DF107B4A19367ED200C23952 /* ConversationViewController.m in Sources */ = {isa = PBXBuildFile; fileRef = DF107B4919367ED200C23952 /* ConversationViewController.m */; };
		DF107B4E1936C60500C23952 /* ProfileConversationBoxViewController.m in Sources */ = {isa = PBXBuildFile; fileRef = DF107B4D1936C60500C23952 /* ProfileConversationBoxViewController.m */; };
		DF4EB97B19495FB800F88F28 /* ProfileConversationTableViewCell.m in Sources */ = {isa = PBXBuildFile; fileRef = DF4EB97A19495FB800F88F28 /* ProfileConversationTableViewCell.m */; };
		DF75ACC81926D098002FA12A /* ScrollViewThatDoesNotAnimateWithKeyboard.m in Sources */ = {isa = PBXBuildFile; fileRef = DF75ACC71926D098002FA12A /* ScrollViewThatDoesNotAnimateWithKeyboard.m */; };
		DF75ACCB1926DD4F002FA12A /* RootViewController.m in Sources */ = {isa = PBXBuildFile; fileRef = DF75ACCA1926DD4F002FA12A /* RootViewController.m */; };
		DF75ACCD1926E0AC002FA12A /* FacebookSDK.framework in Frameworks */ = {isa = PBXBuildFile; fileRef = DF75ACCC1926E0AC002FA12A /* FacebookSDK.framework */; };
		DF75ACCF1926E0C6002FA12A /* FBUserSettingsViewResources.bundle in Resources */ = {isa = PBXBuildFile; fileRef = DF75ACCE1926E0C6002FA12A /* FBUserSettingsViewResources.bundle */; };
		DF75ACD11926E0D7002FA12A /* AdSupport.framework in Frameworks */ = {isa = PBXBuildFile; fileRef = DF75ACD01926E0D7002FA12A /* AdSupport.framework */; };
		DF75ACD31926E0DF002FA12A /* Accounts.framework in Frameworks */ = {isa = PBXBuildFile; fileRef = DF75ACD21926E0DF002FA12A /* Accounts.framework */; };
		DF75ACD51926E0F1002FA12A /* libsqlite3.dylib in Frameworks */ = {isa = PBXBuildFile; fileRef = DF75ACD41926E0F1002FA12A /* libsqlite3.dylib */; };
		DF75ACD71926E0FF002FA12A /* Social.framework in Frameworks */ = {isa = PBXBuildFile; fileRef = DF75ACD61926E0FF002FA12A /* Social.framework */; };
		DF75ACDA1926E1A8002FA12A /* LogInViewController.m in Sources */ = {isa = PBXBuildFile; fileRef = DF75ACD91926E1A8002FA12A /* LogInViewController.m */; };
		DF75ACDD1927281C002FA12A /* SearchViewController.m in Sources */ = {isa = PBXBuildFile; fileRef = DF75ACDC1927281C002FA12A /* SearchViewController.m */; };
		DFEA89691952112D000CBCCB /* AppointmentViewController.m in Sources */ = {isa = PBXBuildFile; fileRef = DFEA89681952112D000CBCCB /* AppointmentViewController.m */; };
		DFF0AF3A1924084900843BC7 /* Foundation.framework in Frameworks */ = {isa = PBXBuildFile; fileRef = DFF0AF391924084900843BC7 /* Foundation.framework */; };
		DFF0AF3C1924084900843BC7 /* CoreGraphics.framework in Frameworks */ = {isa = PBXBuildFile; fileRef = DFF0AF3B1924084900843BC7 /* CoreGraphics.framework */; };
		DFF0AF3E1924084900843BC7 /* UIKit.framework in Frameworks */ = {isa = PBXBuildFile; fileRef = DFF0AF3D1924084900843BC7 /* UIKit.framework */; };
		DFF0AF441924084900843BC7 /* InfoPlist.strings in Resources */ = {isa = PBXBuildFile; fileRef = DFF0AF421924084900843BC7 /* InfoPlist.strings */; };
		DFF0AF461924084900843BC7 /* main.m in Sources */ = {isa = PBXBuildFile; fileRef = DFF0AF451924084900843BC7 /* main.m */; };
		DFF0AF4A1924084900843BC7 /* AppDelegate.m in Sources */ = {isa = PBXBuildFile; fileRef = DFF0AF491924084900843BC7 /* AppDelegate.m */; };
		DFF0AF4D1924084900843BC7 /* Main.storyboard in Resources */ = {isa = PBXBuildFile; fileRef = DFF0AF4B1924084900843BC7 /* Main.storyboard */; };
		DFF0AF521924084900843BC7 /* Images.xcassets in Resources */ = {isa = PBXBuildFile; fileRef = DFF0AF511924084900843BC7 /* Images.xcassets */; };
		DFF0AF591924084900843BC7 /* XCTest.framework in Frameworks */ = {isa = PBXBuildFile; fileRef = DFF0AF581924084900843BC7 /* XCTest.framework */; };
		DFF0AF5A1924084900843BC7 /* Foundation.framework in Frameworks */ = {isa = PBXBuildFile; fileRef = DFF0AF391924084900843BC7 /* Foundation.framework */; };
		DFF0AF5B1924084900843BC7 /* UIKit.framework in Frameworks */ = {isa = PBXBuildFile; fileRef = DFF0AF3D1924084900843BC7 /* UIKit.framework */; };
		DFF0AF631924084900843BC7 /* InfoPlist.strings in Resources */ = {isa = PBXBuildFile; fileRef = DFF0AF611924084900843BC7 /* InfoPlist.strings */; };
		DFF0AF651924084900843BC7 /* ADITLTests.m in Sources */ = {isa = PBXBuildFile; fileRef = DFF0AF641924084900843BC7 /* ADITLTests.m */; };
		DFF0AF7219242ABF00843BC7 /* Parse.framework in Frameworks */ = {isa = PBXBuildFile; fileRef = DFF0AF7119242ABF00843BC7 /* Parse.framework */; };
		DFF0AF7419242AEA00843BC7 /* AudioToolbox.framework in Frameworks */ = {isa = PBXBuildFile; fileRef = DFF0AF7319242AEA00843BC7 /* AudioToolbox.framework */; };
		DFF0AF7619242AF300843BC7 /* CFNetwork.framework in Frameworks */ = {isa = PBXBuildFile; fileRef = DFF0AF7519242AF300843BC7 /* CFNetwork.framework */; };
		DFF0AF7819242AFD00843BC7 /* CoreLocation.framework in Frameworks */ = {isa = PBXBuildFile; fileRef = DFF0AF7719242AFD00843BC7 /* CoreLocation.framework */; };
		DFF0AF7A19242B0700843BC7 /* libz.dylib in Frameworks */ = {isa = PBXBuildFile; fileRef = DFF0AF7919242B0700843BC7 /* libz.dylib */; };
		DFF0AF7C19242B1100843BC7 /* MobileCoreServices.framework in Frameworks */ = {isa = PBXBuildFile; fileRef = DFF0AF7B19242B1100843BC7 /* MobileCoreServices.framework */; };
		DFF0AF7E19242B1900843BC7 /* QuartzCore.framework in Frameworks */ = {isa = PBXBuildFile; fileRef = DFF0AF7D19242B1900843BC7 /* QuartzCore.framework */; };
		DFF0AF8019242B1F00843BC7 /* Security.framework in Frameworks */ = {isa = PBXBuildFile; fileRef = DFF0AF7F19242B1F00843BC7 /* Security.framework */; };
		DFF0AF8219242B2700843BC7 /* StoreKit.framework in Frameworks */ = {isa = PBXBuildFile; fileRef = DFF0AF8119242B2700843BC7 /* StoreKit.framework */; };
		DFF0AF8419242B3200843BC7 /* SystemConfiguration.framework in Frameworks */ = {isa = PBXBuildFile; fileRef = DFF0AF8319242B3200843BC7 /* SystemConfiguration.framework */; };
		DFF2ADA9192D67D300564407 /* SearchCollectionViewCell.m in Sources */ = {isa = PBXBuildFile; fileRef = DFF2ADA8192D67D300564407 /* SearchCollectionViewCell.m */; };
		DFF5D588194C00BE0058D818 /* AppointmentRequestViewController.m in Sources */ = {isa = PBXBuildFile; fileRef = DFF5D587194C00BE0058D818 /* AppointmentRequestViewController.m */; };
		DFF5D58A194C82DA0058D818 /* MapKit.framework in Frameworks */ = {isa = PBXBuildFile; fileRef = DFF5D589194C82DA0058D818 /* MapKit.framework */; };
		DFF5D58C194C83FE0058D818 /* AddressBook.framework in Frameworks */ = {isa = PBXBuildFile; fileRef = DFF5D58B194C83FE0058D818 /* AddressBook.framework */; };
/* End PBXBuildFile section */

/* Begin PBXContainerItemProxy section */
		DFF0AF5C1924084900843BC7 /* PBXContainerItemProxy */ = {
			isa = PBXContainerItemProxy;
			containerPortal = DFF0AF2E1924084900843BC7 /* Project object */;
			proxyType = 1;
			remoteGlobalIDString = DFF0AF351924084900843BC7;
			remoteInfo = ADITL;
		};
/* End PBXContainerItemProxy section */

/* Begin PBXFileReference section */
		DF0B776D19422C8B00B4ED61 /* EnthusiastProfileViewController.h */ = {isa = PBXFileReference; fileEncoding = 4; lastKnownFileType = sourcecode.c.h; path = EnthusiastProfileViewController.h; sourceTree = "<group>"; };
		DF0B776E19422C8B00B4ED61 /* EnthusiastProfileViewController.m */ = {isa = PBXFileReference; fileEncoding = 4; lastKnownFileType = sourcecode.c.objc; path = EnthusiastProfileViewController.m; sourceTree = "<group>"; };
		DF0B77701942687300B4ED61 /* AddToShareViewController.h */ = {isa = PBXFileReference; fileEncoding = 4; lastKnownFileType = sourcecode.c.h; path = AddToShareViewController.h; sourceTree = "<group>"; };
		DF0B77711942687300B4ED61 /* AddToShareViewController.m */ = {isa = PBXFileReference; fileEncoding = 4; lastKnownFileType = sourcecode.c.objc; path = AddToShareViewController.m; sourceTree = "<group>"; };
		DF0B777319426BB100B4ED61 /* AddToShareCollectionViewCell.h */ = {isa = PBXFileReference; fileEncoding = 4; lastKnownFileType = sourcecode.c.h; path = AddToShareCollectionViewCell.h; sourceTree = "<group>"; };
		DF0B777419426BB100B4ED61 /* AddToShareCollectionViewCell.m */ = {isa = PBXFileReference; fileEncoding = 4; lastKnownFileType = sourcecode.c.objc; path = AddToShareCollectionViewCell.m; sourceTree = "<group>"; };
		DF0B777619429C7300B4ED61 /* RootCollectionViewCell.h */ = {isa = PBXFileReference; fileEncoding = 4; lastKnownFileType = sourcecode.c.h; path = RootCollectionViewCell.h; sourceTree = "<group>"; };
		DF0B777719429C7300B4ED61 /* RootCollectionViewCell.m */ = {isa = PBXFileReference; fileEncoding = 4; lastKnownFileType = sourcecode.c.objc; path = RootCollectionViewCell.m; sourceTree = "<group>"; };
		DF0E341A1944321800F654E0 /* SearchTableViewCell.h */ = {isa = PBXFileReference; fileEncoding = 4; lastKnownFileType = sourcecode.c.h; path = SearchTableViewCell.h; sourceTree = "<group>"; };
		DF0E341B1944321800F654E0 /* SearchTableViewCell.m */ = {isa = PBXFileReference; fileEncoding = 4; lastKnownFileType = sourcecode.c.objc; path = SearchTableViewCell.m; sourceTree = "<group>"; };
		DF0F00BC1926B4CB009EA0CB /* ProfileViewController.h */ = {isa = PBXFileReference; fileEncoding = 4; lastKnownFileType = sourcecode.c.h; path = ProfileViewController.h; sourceTree = "<group>"; };
		DF0F00BD1926B4CB009EA0CB /* ProfileViewController.m */ = {isa = PBXFileReference; fileEncoding = 4; lastKnownFileType = sourcecode.c.objc; path = ProfileViewController.m; sourceTree = "<group>"; };
		DF107B4819367ED200C23952 /* ConversationViewController.h */ = {isa = PBXFileReference; fileEncoding = 4; lastKnownFileType = sourcecode.c.h; path = ConversationViewController.h; sourceTree = "<group>"; };
		DF107B4919367ED200C23952 /* ConversationViewController.m */ = {isa = PBXFileReference; fileEncoding = 4; lastKnownFileType = sourcecode.c.objc; path = ConversationViewController.m; sourceTree = "<group>"; };
		DF107B4C1936C60500C23952 /* ProfileConversationBoxViewController.h */ = {isa = PBXFileReference; fileEncoding = 4; lastKnownFileType = sourcecode.c.h; path = ProfileConversationBoxViewController.h; sourceTree = "<group>"; };
		DF107B4D1936C60500C23952 /* ProfileConversationBoxViewController.m */ = {isa = PBXFileReference; fileEncoding = 4; lastKnownFileType = sourcecode.c.objc; path = ProfileConversationBoxViewController.m; sourceTree = "<group>"; };
		DF4EB97919495FB800F88F28 /* ProfileConversationTableViewCell.h */ = {isa = PBXFileReference; fileEncoding = 4; lastKnownFileType = sourcecode.c.h; path = ProfileConversationTableViewCell.h; sourceTree = "<group>"; };
		DF4EB97A19495FB800F88F28 /* ProfileConversationTableViewCell.m */ = {isa = PBXFileReference; fileEncoding = 4; lastKnownFileType = sourcecode.c.objc; path = ProfileConversationTableViewCell.m; sourceTree = "<group>"; };
		DF75ACC61926D098002FA12A /* ScrollViewThatDoesNotAnimateWithKeyboard.h */ = {isa = PBXFileReference; fileEncoding = 4; lastKnownFileType = sourcecode.c.h; path = ScrollViewThatDoesNotAnimateWithKeyboard.h; sourceTree = "<group>"; };
		DF75ACC71926D098002FA12A /* ScrollViewThatDoesNotAnimateWithKeyboard.m */ = {isa = PBXFileReference; fileEncoding = 4; lastKnownFileType = sourcecode.c.objc; path = ScrollViewThatDoesNotAnimateWithKeyboard.m; sourceTree = "<group>"; };
		DF75ACC91926DD4F002FA12A /* RootViewController.h */ = {isa = PBXFileReference; fileEncoding = 4; lastKnownFileType = sourcecode.c.h; path = RootViewController.h; sourceTree = "<group>"; };
		DF75ACCA1926DD4F002FA12A /* RootViewController.m */ = {isa = PBXFileReference; fileEncoding = 4; lastKnownFileType = sourcecode.c.objc; path = RootViewController.m; sourceTree = "<group>"; };
		DF75ACCC1926E0AC002FA12A /* FacebookSDK.framework */ = {isa = PBXFileReference; lastKnownFileType = wrapper.framework; path = FacebookSDK.framework; sourceTree = "<group>"; };
		DF75ACCE1926E0C6002FA12A /* FBUserSettingsViewResources.bundle */ = {isa = PBXFileReference; lastKnownFileType = "wrapper.plug-in"; path = FBUserSettingsViewResources.bundle; sourceTree = "<group>"; };
		DF75ACD01926E0D7002FA12A /* AdSupport.framework */ = {isa = PBXFileReference; lastKnownFileType = wrapper.framework; name = AdSupport.framework; path = System/Library/Frameworks/AdSupport.framework; sourceTree = SDKROOT; };
		DF75ACD21926E0DF002FA12A /* Accounts.framework */ = {isa = PBXFileReference; lastKnownFileType = wrapper.framework; name = Accounts.framework; path = System/Library/Frameworks/Accounts.framework; sourceTree = SDKROOT; };
		DF75ACD41926E0F1002FA12A /* libsqlite3.dylib */ = {isa = PBXFileReference; lastKnownFileType = "compiled.mach-o.dylib"; name = libsqlite3.dylib; path = usr/lib/libsqlite3.dylib; sourceTree = SDKROOT; };
		DF75ACD61926E0FF002FA12A /* Social.framework */ = {isa = PBXFileReference; lastKnownFileType = wrapper.framework; name = Social.framework; path = System/Library/Frameworks/Social.framework; sourceTree = SDKROOT; };
		DF75ACD81926E1A8002FA12A /* LogInViewController.h */ = {isa = PBXFileReference; fileEncoding = 4; lastKnownFileType = sourcecode.c.h; path = LogInViewController.h; sourceTree = "<group>"; };
		DF75ACD91926E1A8002FA12A /* LogInViewController.m */ = {isa = PBXFileReference; fileEncoding = 4; lastKnownFileType = sourcecode.c.objc; path = LogInViewController.m; sourceTree = "<group>"; };
		DF75ACDB1927281C002FA12A /* SearchViewController.h */ = {isa = PBXFileReference; fileEncoding = 4; lastKnownFileType = sourcecode.c.h; path = SearchViewController.h; sourceTree = "<group>"; };
		DF75ACDC1927281C002FA12A /* SearchViewController.m */ = {isa = PBXFileReference; fileEncoding = 4; lastKnownFileType = sourcecode.c.objc; path = SearchViewController.m; sourceTree = "<group>"; };
		DFEA89671952112D000CBCCB /* AppointmentViewController.h */ = {isa = PBXFileReference; fileEncoding = 4; lastKnownFileType = sourcecode.c.h; path = AppointmentViewController.h; sourceTree = "<group>"; };
		DFEA89681952112D000CBCCB /* AppointmentViewController.m */ = {isa = PBXFileReference; fileEncoding = 4; lastKnownFileType = sourcecode.c.objc; path = AppointmentViewController.m; sourceTree = "<group>"; };
		DFF0AF361924084900843BC7 /* ADITL.app */ = {isa = PBXFileReference; explicitFileType = wrapper.application; includeInIndex = 0; path = ADITL.app; sourceTree = BUILT_PRODUCTS_DIR; };
		DFF0AF391924084900843BC7 /* Foundation.framework */ = {isa = PBXFileReference; lastKnownFileType = wrapper.framework; name = Foundation.framework; path = System/Library/Frameworks/Foundation.framework; sourceTree = SDKROOT; };
		DFF0AF3B1924084900843BC7 /* CoreGraphics.framework */ = {isa = PBXFileReference; lastKnownFileType = wrapper.framework; name = CoreGraphics.framework; path = System/Library/Frameworks/CoreGraphics.framework; sourceTree = SDKROOT; };
		DFF0AF3D1924084900843BC7 /* UIKit.framework */ = {isa = PBXFileReference; lastKnownFileType = wrapper.framework; name = UIKit.framework; path = System/Library/Frameworks/UIKit.framework; sourceTree = SDKROOT; };
		DFF0AF411924084900843BC7 /* ADITL-Info.plist */ = {isa = PBXFileReference; lastKnownFileType = text.plist.xml; path = "ADITL-Info.plist"; sourceTree = "<group>"; };
		DFF0AF431924084900843BC7 /* en */ = {isa = PBXFileReference; lastKnownFileType = text.plist.strings; name = en; path = en.lproj/InfoPlist.strings; sourceTree = "<group>"; };
		DFF0AF451924084900843BC7 /* main.m */ = {isa = PBXFileReference; lastKnownFileType = sourcecode.c.objc; path = main.m; sourceTree = "<group>"; };
		DFF0AF471924084900843BC7 /* ADITL-Prefix.pch */ = {isa = PBXFileReference; lastKnownFileType = sourcecode.c.h; path = "ADITL-Prefix.pch"; sourceTree = "<group>"; };
		DFF0AF481924084900843BC7 /* AppDelegate.h */ = {isa = PBXFileReference; lastKnownFileType = sourcecode.c.h; path = AppDelegate.h; sourceTree = "<group>"; };
		DFF0AF491924084900843BC7 /* AppDelegate.m */ = {isa = PBXFileReference; lastKnownFileType = sourcecode.c.objc; path = AppDelegate.m; sourceTree = "<group>"; };
		DFF0AF4C1924084900843BC7 /* Base */ = {isa = PBXFileReference; lastKnownFileType = file.storyboard; name = Base; path = Base.lproj/Main.storyboard; sourceTree = "<group>"; };
		DFF0AF511924084900843BC7 /* Images.xcassets */ = {isa = PBXFileReference; lastKnownFileType = folder.assetcatalog; path = Images.xcassets; sourceTree = "<group>"; };
		DFF0AF571924084900843BC7 /* ADITLTests.xctest */ = {isa = PBXFileReference; explicitFileType = wrapper.cfbundle; includeInIndex = 0; path = ADITLTests.xctest; sourceTree = BUILT_PRODUCTS_DIR; };
		DFF0AF581924084900843BC7 /* XCTest.framework */ = {isa = PBXFileReference; lastKnownFileType = wrapper.framework; name = XCTest.framework; path = Library/Frameworks/XCTest.framework; sourceTree = DEVELOPER_DIR; };
		DFF0AF601924084900843BC7 /* ADITLTests-Info.plist */ = {isa = PBXFileReference; lastKnownFileType = text.plist.xml; path = "ADITLTests-Info.plist"; sourceTree = "<group>"; };
		DFF0AF621924084900843BC7 /* en */ = {isa = PBXFileReference; lastKnownFileType = text.plist.strings; name = en; path = en.lproj/InfoPlist.strings; sourceTree = "<group>"; };
		DFF0AF641924084900843BC7 /* ADITLTests.m */ = {isa = PBXFileReference; lastKnownFileType = sourcecode.c.objc; path = ADITLTests.m; sourceTree = "<group>"; };
		DFF0AF7119242ABF00843BC7 /* Parse.framework */ = {isa = PBXFileReference; lastKnownFileType = wrapper.framework; path = Parse.framework; sourceTree = "<group>"; };
		DFF0AF7319242AEA00843BC7 /* AudioToolbox.framework */ = {isa = PBXFileReference; lastKnownFileType = wrapper.framework; name = AudioToolbox.framework; path = System/Library/Frameworks/AudioToolbox.framework; sourceTree = SDKROOT; };
		DFF0AF7519242AF300843BC7 /* CFNetwork.framework */ = {isa = PBXFileReference; lastKnownFileType = wrapper.framework; name = CFNetwork.framework; path = System/Library/Frameworks/CFNetwork.framework; sourceTree = SDKROOT; };
		DFF0AF7719242AFD00843BC7 /* CoreLocation.framework */ = {isa = PBXFileReference; lastKnownFileType = wrapper.framework; name = CoreLocation.framework; path = System/Library/Frameworks/CoreLocation.framework; sourceTree = SDKROOT; };
		DFF0AF7919242B0700843BC7 /* libz.dylib */ = {isa = PBXFileReference; lastKnownFileType = "compiled.mach-o.dylib"; name = libz.dylib; path = usr/lib/libz.dylib; sourceTree = SDKROOT; };
		DFF0AF7B19242B1100843BC7 /* MobileCoreServices.framework */ = {isa = PBXFileReference; lastKnownFileType = wrapper.framework; name = MobileCoreServices.framework; path = System/Library/Frameworks/MobileCoreServices.framework; sourceTree = SDKROOT; };
		DFF0AF7D19242B1900843BC7 /* QuartzCore.framework */ = {isa = PBXFileReference; lastKnownFileType = wrapper.framework; name = QuartzCore.framework; path = System/Library/Frameworks/QuartzCore.framework; sourceTree = SDKROOT; };
		DFF0AF7F19242B1F00843BC7 /* Security.framework */ = {isa = PBXFileReference; lastKnownFileType = wrapper.framework; name = Security.framework; path = System/Library/Frameworks/Security.framework; sourceTree = SDKROOT; };
		DFF0AF8119242B2700843BC7 /* StoreKit.framework */ = {isa = PBXFileReference; lastKnownFileType = wrapper.framework; name = StoreKit.framework; path = System/Library/Frameworks/StoreKit.framework; sourceTree = SDKROOT; };
		DFF0AF8319242B3200843BC7 /* SystemConfiguration.framework */ = {isa = PBXFileReference; lastKnownFileType = wrapper.framework; name = SystemConfiguration.framework; path = System/Library/Frameworks/SystemConfiguration.framework; sourceTree = SDKROOT; };
		DFF2ADA7192D67D300564407 /* SearchCollectionViewCell.h */ = {isa = PBXFileReference; fileEncoding = 4; lastKnownFileType = sourcecode.c.h; path = SearchCollectionViewCell.h; sourceTree = "<group>"; };
		DFF2ADA8192D67D300564407 /* SearchCollectionViewCell.m */ = {isa = PBXFileReference; fileEncoding = 4; lastKnownFileType = sourcecode.c.objc; path = SearchCollectionViewCell.m; sourceTree = "<group>"; };
		DFF5D586194C00BE0058D818 /* AppointmentRequestViewController.h */ = {isa = PBXFileReference; fileEncoding = 4; lastKnownFileType = sourcecode.c.h; path = AppointmentRequestViewController.h; sourceTree = "<group>"; };
		DFF5D587194C00BE0058D818 /* AppointmentRequestViewController.m */ = {isa = PBXFileReference; fileEncoding = 4; lastKnownFileType = sourcecode.c.objc; path = AppointmentRequestViewController.m; sourceTree = "<group>"; };
		DFF5D589194C82DA0058D818 /* MapKit.framework */ = {isa = PBXFileReference; lastKnownFileType = wrapper.framework; name = MapKit.framework; path = System/Library/Frameworks/MapKit.framework; sourceTree = SDKROOT; };
		DFF5D58B194C83FE0058D818 /* AddressBook.framework */ = {isa = PBXFileReference; lastKnownFileType = wrapper.framework; name = AddressBook.framework; path = System/Library/Frameworks/AddressBook.framework; sourceTree = SDKROOT; };
/* End PBXFileReference section */

/* Begin PBXFrameworksBuildPhase section */
		DFF0AF331924084900843BC7 /* Frameworks */ = {
			isa = PBXFrameworksBuildPhase;
			buildActionMask = 2147483647;
			files = (
				DFF5D58C194C83FE0058D818 /* AddressBook.framework in Frameworks */,
				DFF5D58A194C82DA0058D818 /* MapKit.framework in Frameworks */,
				DF75ACD71926E0FF002FA12A /* Social.framework in Frameworks */,
				DF75ACD51926E0F1002FA12A /* libsqlite3.dylib in Frameworks */,
				DF75ACD31926E0DF002FA12A /* Accounts.framework in Frameworks */,
				DF75ACD11926E0D7002FA12A /* AdSupport.framework in Frameworks */,
				DFF0AF8419242B3200843BC7 /* SystemConfiguration.framework in Frameworks */,
				DFF0AF8219242B2700843BC7 /* StoreKit.framework in Frameworks */,
				DFF0AF8019242B1F00843BC7 /* Security.framework in Frameworks */,
				DFF0AF7E19242B1900843BC7 /* QuartzCore.framework in Frameworks */,
				DFF0AF7C19242B1100843BC7 /* MobileCoreServices.framework in Frameworks */,
				DFF0AF7A19242B0700843BC7 /* libz.dylib in Frameworks */,
				DFF0AF7819242AFD00843BC7 /* CoreLocation.framework in Frameworks */,
				DFF0AF7619242AF300843BC7 /* CFNetwork.framework in Frameworks */,
				DFF0AF7419242AEA00843BC7 /* AudioToolbox.framework in Frameworks */,
				DFF0AF3C1924084900843BC7 /* CoreGraphics.framework in Frameworks */,
				DFF0AF3E1924084900843BC7 /* UIKit.framework in Frameworks */,
				DFF0AF7219242ABF00843BC7 /* Parse.framework in Frameworks */,
				DFF0AF3A1924084900843BC7 /* Foundation.framework in Frameworks */,
				DF75ACCD1926E0AC002FA12A /* FacebookSDK.framework in Frameworks */,
			);
			runOnlyForDeploymentPostprocessing = 0;
		};
		DFF0AF541924084900843BC7 /* Frameworks */ = {
			isa = PBXFrameworksBuildPhase;
			buildActionMask = 2147483647;
			files = (
				DFF0AF591924084900843BC7 /* XCTest.framework in Frameworks */,
				DFF0AF5B1924084900843BC7 /* UIKit.framework in Frameworks */,
				DFF0AF5A1924084900843BC7 /* Foundation.framework in Frameworks */,
			);
			runOnlyForDeploymentPostprocessing = 0;
		};
/* End PBXFrameworksBuildPhase section */

/* Begin PBXGroup section */
		DFF0AF2D1924084900843BC7 = {
			isa = PBXGroup;
			children = (
				DFF0AF3F1924084900843BC7 /* ADITL */,
				DFF0AF5E1924084900843BC7 /* ADITLTests */,
				DFF0AF381924084900843BC7 /* Frameworks */,
				DFF0AF371924084900843BC7 /* Products */,
			);
			sourceTree = "<group>";
		};
		DFF0AF371924084900843BC7 /* Products */ = {
			isa = PBXGroup;
			children = (
				DFF0AF361924084900843BC7 /* ADITL.app */,
				DFF0AF571924084900843BC7 /* ADITLTests.xctest */,
			);
			name = Products;
			sourceTree = "<group>";
		};
		DFF0AF381924084900843BC7 /* Frameworks */ = {
			isa = PBXGroup;
			children = (
				DFF5D58B194C83FE0058D818 /* AddressBook.framework */,
				DFF5D589194C82DA0058D818 /* MapKit.framework */,
				DF75ACD61926E0FF002FA12A /* Social.framework */,
				DF75ACD41926E0F1002FA12A /* libsqlite3.dylib */,
				DF75ACD21926E0DF002FA12A /* Accounts.framework */,
				DF75ACD01926E0D7002FA12A /* AdSupport.framework */,
				DF75ACCE1926E0C6002FA12A /* FBUserSettingsViewResources.bundle */,
				DF75ACCC1926E0AC002FA12A /* FacebookSDK.framework */,
				DFF0AF8319242B3200843BC7 /* SystemConfiguration.framework */,
				DFF0AF8119242B2700843BC7 /* StoreKit.framework */,
				DFF0AF7F19242B1F00843BC7 /* Security.framework */,
				DFF0AF7D19242B1900843BC7 /* QuartzCore.framework */,
				DFF0AF7B19242B1100843BC7 /* MobileCoreServices.framework */,
				DFF0AF7919242B0700843BC7 /* libz.dylib */,
				DFF0AF7719242AFD00843BC7 /* CoreLocation.framework */,
				DFF0AF7519242AF300843BC7 /* CFNetwork.framework */,
				DFF0AF7319242AEA00843BC7 /* AudioToolbox.framework */,
				DFF0AF7119242ABF00843BC7 /* Parse.framework */,
				DFF0AF391924084900843BC7 /* Foundation.framework */,
				DFF0AF3B1924084900843BC7 /* CoreGraphics.framework */,
				DFF0AF3D1924084900843BC7 /* UIKit.framework */,
				DFF0AF581924084900843BC7 /* XCTest.framework */,
			);
			name = Frameworks;
			sourceTree = "<group>";
		};
		DFF0AF3F1924084900843BC7 /* ADITL */ = {
			isa = PBXGroup;
			children = (
				DFF0AF481924084900843BC7 /* AppDelegate.h */,
				DFF0AF491924084900843BC7 /* AppDelegate.m */,
				DFF0AF4B1924084900843BC7 /* Main.storyboard */,
				DF75ACD81926E1A8002FA12A /* LogInViewController.h */,
				DF75ACD91926E1A8002FA12A /* LogInViewController.m */,
				DF75ACC91926DD4F002FA12A /* RootViewController.h */,
				DF75ACCA1926DD4F002FA12A /* RootViewController.m */,
				DF0F00BC1926B4CB009EA0CB /* ProfileViewController.h */,
				DF0F00BD1926B4CB009EA0CB /* ProfileViewController.m */,
				DF0B776D19422C8B00B4ED61 /* EnthusiastProfileViewController.h */,
				DF0B776E19422C8B00B4ED61 /* EnthusiastProfileViewController.m */,
				DF107B4C1936C60500C23952 /* ProfileConversationBoxViewController.h */,
				DF107B4D1936C60500C23952 /* ProfileConversationBoxViewController.m */,
				DF0B77701942687300B4ED61 /* AddToShareViewController.h */,
				DF0B77711942687300B4ED61 /* AddToShareViewController.m */,
				DF75ACDB1927281C002FA12A /* SearchViewController.h */,
				DF75ACDC1927281C002FA12A /* SearchViewController.m */,
				DF107B4819367ED200C23952 /* ConversationViewController.h */,
				DF107B4919367ED200C23952 /* ConversationViewController.m */,
				DFEA89671952112D000CBCCB /* AppointmentViewController.h */,
				DFEA89681952112D000CBCCB /* AppointmentViewController.m */,
				DFF5D586194C00BE0058D818 /* AppointmentRequestViewController.h */,
				DFF5D587194C00BE0058D818 /* AppointmentRequestViewController.m */,
				DFF0AF511924084900843BC7 /* Images.xcassets */,
				DF75ACC61926D098002FA12A /* ScrollViewThatDoesNotAnimateWithKeyboard.h */,
				DF75ACC71926D098002FA12A /* ScrollViewThatDoesNotAnimateWithKeyboard.m */,
				DF0B777619429C7300B4ED61 /* RootCollectionViewCell.h */,
				DF0B777719429C7300B4ED61 /* RootCollectionViewCell.m */,
				DF0E341A1944321800F654E0 /* SearchTableViewCell.h */,
				DF0E341B1944321800F654E0 /* SearchTableViewCell.m */,
				DFF2ADA7192D67D300564407 /* SearchCollectionViewCell.h */,
				DFF2ADA8192D67D300564407 /* SearchCollectionViewCell.m */,
				DF0B777319426BB100B4ED61 /* AddToShareCollectionViewCell.h */,
				DF0B777419426BB100B4ED61 /* AddToShareCollectionViewCell.m */,
				DF4EB97919495FB800F88F28 /* ProfileConversationTableViewCell.h */,
				DF4EB97A19495FB800F88F28 /* ProfileConversationTableViewCell.m */,
				DFF0AF401924084900843BC7 /* Supporting Files */,
			);
			path = ADITL;
			sourceTree = "<group>";
		};
		DFF0AF401924084900843BC7 /* Supporting Files */ = {
			isa = PBXGroup;
			children = (
				DFF0AF411924084900843BC7 /* ADITL-Info.plist */,
				DFF0AF421924084900843BC7 /* InfoPlist.strings */,
				DFF0AF451924084900843BC7 /* main.m */,
				DFF0AF471924084900843BC7 /* ADITL-Prefix.pch */,
			);
			name = "Supporting Files";
			sourceTree = "<group>";
		};
		DFF0AF5E1924084900843BC7 /* ADITLTests */ = {
			isa = PBXGroup;
			children = (
				DFF0AF641924084900843BC7 /* ADITLTests.m */,
				DFF0AF5F1924084900843BC7 /* Supporting Files */,
			);
			path = ADITLTests;
			sourceTree = "<group>";
		};
		DFF0AF5F1924084900843BC7 /* Supporting Files */ = {
			isa = PBXGroup;
			children = (
				DFF0AF601924084900843BC7 /* ADITLTests-Info.plist */,
				DFF0AF611924084900843BC7 /* InfoPlist.strings */,
			);
			name = "Supporting Files";
			sourceTree = "<group>";
		};
/* End PBXGroup section */

/* Begin PBXNativeTarget section */
		DFF0AF351924084900843BC7 /* ADITL */ = {
			isa = PBXNativeTarget;
			buildConfigurationList = DFF0AF681924084900843BC7 /* Build configuration list for PBXNativeTarget "ADITL" */;
			buildPhases = (
				DFF0AF321924084900843BC7 /* Sources */,
				DFF0AF331924084900843BC7 /* Frameworks */,
				DFF0AF341924084900843BC7 /* Resources */,
			);
			buildRules = (
			);
			dependencies = (
			);
			name = ADITL;
			productName = ADITL;
			productReference = DFF0AF361924084900843BC7 /* ADITL.app */;
			productType = "com.apple.product-type.application";
		};
		DFF0AF561924084900843BC7 /* ADITLTests */ = {
			isa = PBXNativeTarget;
			buildConfigurationList = DFF0AF6B1924084900843BC7 /* Build configuration list for PBXNativeTarget "ADITLTests" */;
			buildPhases = (
				DFF0AF531924084900843BC7 /* Sources */,
				DFF0AF541924084900843BC7 /* Frameworks */,
				DFF0AF551924084900843BC7 /* Resources */,
			);
			buildRules = (
			);
			dependencies = (
				DFF0AF5D1924084900843BC7 /* PBXTargetDependency */,
			);
			name = ADITLTests;
			productName = ADITLTests;
			productReference = DFF0AF571924084900843BC7 /* ADITLTests.xctest */;
			productType = "com.apple.product-type.bundle.unit-test";
		};
/* End PBXNativeTarget section */

/* Begin PBXProject section */
		DFF0AF2E1924084900843BC7 /* Project object */ = {
			isa = PBXProject;
			attributes = {
				LastUpgradeCheck = 0510;
				ORGANIZATIONNAME = "Christopher Gu";
				TargetAttributes = {
					DFF0AF561924084900843BC7 = {
						TestTargetID = DFF0AF351924084900843BC7;
					};
				};
			};
			buildConfigurationList = DFF0AF311924084900843BC7 /* Build configuration list for PBXProject "ADITL" */;
			compatibilityVersion = "Xcode 3.2";
			developmentRegion = English;
			hasScannedForEncodings = 0;
			knownRegions = (
				en,
				Base,
			);
			mainGroup = DFF0AF2D1924084900843BC7;
			productRefGroup = DFF0AF371924084900843BC7 /* Products */;
			projectDirPath = "";
			projectRoot = "";
			targets = (
				DFF0AF351924084900843BC7 /* ADITL */,
				DFF0AF561924084900843BC7 /* ADITLTests */,
			);
		};
/* End PBXProject section */

/* Begin PBXResourcesBuildPhase section */
		DFF0AF341924084900843BC7 /* Resources */ = {
			isa = PBXResourcesBuildPhase;
			buildActionMask = 2147483647;
			files = (
				DF75ACCF1926E0C6002FA12A /* FBUserSettingsViewResources.bundle in Resources */,
				DFF0AF521924084900843BC7 /* Images.xcassets in Resources */,
				DFF0AF441924084900843BC7 /* InfoPlist.strings in Resources */,
				DFF0AF4D1924084900843BC7 /* Main.storyboard in Resources */,
			);
			runOnlyForDeploymentPostprocessing = 0;
		};
		DFF0AF551924084900843BC7 /* Resources */ = {
			isa = PBXResourcesBuildPhase;
			buildActionMask = 2147483647;
			files = (
				DFF0AF631924084900843BC7 /* InfoPlist.strings in Resources */,
			);
			runOnlyForDeploymentPostprocessing = 0;
		};
/* End PBXResourcesBuildPhase section */

/* Begin PBXSourcesBuildPhase section */
		DFF0AF321924084900843BC7 /* Sources */ = {
			isa = PBXSourcesBuildPhase;
			buildActionMask = 2147483647;
			files = (
				DF75ACDA1926E1A8002FA12A /* LogInViewController.m in Sources */,
				DF0E341C1944321800F654E0 /* SearchTableViewCell.m in Sources */,
				DF0B777519426BB100B4ED61 /* AddToShareCollectionViewCell.m in Sources */,
				DF0B777819429C7300B4ED61 /* RootCollectionViewCell.m in Sources */,
				DFF2ADA9192D67D300564407 /* SearchCollectionViewCell.m in Sources */,
				DF75ACCB1926DD4F002FA12A /* RootViewController.m in Sources */,
				DF75ACC81926D098002FA12A /* ScrollViewThatDoesNotAnimateWithKeyboard.m in Sources */,
				DF75ACDD1927281C002FA12A /* SearchViewController.m in Sources */,
				DF107B4A19367ED200C23952 /* ConversationViewController.m in Sources */,
				DFF0AF4A1924084900843BC7 /* AppDelegate.m in Sources */,
				DFEA89691952112D000CBCCB /* AppointmentViewController.m in Sources */,
				DF0B77721942687300B4ED61 /* AddToShareViewController.m in Sources */,
				DFF5D588194C00BE0058D818 /* AppointmentRequestViewController.m in Sources */,
				DF0B776F19422C8B00B4ED61 /* EnthusiastProfileViewController.m in Sources */,
				DF4EB97B19495FB800F88F28 /* ProfileConversationTableViewCell.m in Sources */,
				DFF0AF461924084900843BC7 /* main.m in Sources */,
				DF0F00BE1926B4CB009EA0CB /* ProfileViewController.m in Sources */,
				DF107B4E1936C60500C23952 /* ProfileConversationBoxViewController.m in Sources */,
			);
			runOnlyForDeploymentPostprocessing = 0;
		};
		DFF0AF531924084900843BC7 /* Sources */ = {
			isa = PBXSourcesBuildPhase;
			buildActionMask = 2147483647;
			files = (
				DFF0AF651924084900843BC7 /* ADITLTests.m in Sources */,
			);
			runOnlyForDeploymentPostprocessing = 0;
		};
/* End PBXSourcesBuildPhase section */

/* Begin PBXTargetDependency section */
		DFF0AF5D1924084900843BC7 /* PBXTargetDependency */ = {
			isa = PBXTargetDependency;
			target = DFF0AF351924084900843BC7 /* ADITL */;
			targetProxy = DFF0AF5C1924084900843BC7 /* PBXContainerItemProxy */;
		};
/* End PBXTargetDependency section */

/* Begin PBXVariantGroup section */
		DFF0AF421924084900843BC7 /* InfoPlist.strings */ = {
			isa = PBXVariantGroup;
			children = (
				DFF0AF431924084900843BC7 /* en */,
			);
			name = InfoPlist.strings;
			sourceTree = "<group>";
		};
		DFF0AF4B1924084900843BC7 /* Main.storyboard */ = {
			isa = PBXVariantGroup;
			children = (
				DFF0AF4C1924084900843BC7 /* Base */,
			);
			name = Main.storyboard;
			sourceTree = "<group>";
		};
		DFF0AF611924084900843BC7 /* InfoPlist.strings */ = {
			isa = PBXVariantGroup;
			children = (
				DFF0AF621924084900843BC7 /* en */,
			);
			name = InfoPlist.strings;
			sourceTree = "<group>";
		};
/* End PBXVariantGroup section */

/* Begin XCBuildConfiguration section */
		DFF0AF661924084900843BC7 /* Debug */ = {
			isa = XCBuildConfiguration;
			buildSettings = {
				ALWAYS_SEARCH_USER_PATHS = NO;
				CLANG_CXX_LANGUAGE_STANDARD = "gnu++0x";
				CLANG_CXX_LIBRARY = "libc++";
				CLANG_ENABLE_MODULES = YES;
				CLANG_ENABLE_OBJC_ARC = YES;
				CLANG_WARN_BOOL_CONVERSION = YES;
				CLANG_WARN_CONSTANT_CONVERSION = YES;
				CLANG_WARN_DIRECT_OBJC_ISA_USAGE = YES_ERROR;
				CLANG_WARN_EMPTY_BODY = YES;
				CLANG_WARN_ENUM_CONVERSION = YES;
				CLANG_WARN_INT_CONVERSION = YES;
				CLANG_WARN_OBJC_ROOT_CLASS = YES_ERROR;
				CLANG_WARN__DUPLICATE_METHOD_MATCH = YES;
				"CODE_SIGN_IDENTITY[sdk=iphoneos*]" = "iPhone Developer";
				COPY_PHASE_STRIP = NO;
				GCC_C_LANGUAGE_STANDARD = gnu99;
				GCC_DYNAMIC_NO_PIC = NO;
				GCC_OPTIMIZATION_LEVEL = 0;
				GCC_PREPROCESSOR_DEFINITIONS = (
					"DEBUG=1",
					"$(inherited)",
				);
				GCC_SYMBOLS_PRIVATE_EXTERN = NO;
				GCC_WARN_64_TO_32_BIT_CONVERSION = YES;
				GCC_WARN_ABOUT_RETURN_TYPE = YES_ERROR;
				GCC_WARN_UNDECLARED_SELECTOR = YES;
				GCC_WARN_UNINITIALIZED_AUTOS = YES_AGGRESSIVE;
				GCC_WARN_UNUSED_FUNCTION = YES;
				GCC_WARN_UNUSED_VARIABLE = YES;
				IPHONEOS_DEPLOYMENT_TARGET = 7.1;
				ONLY_ACTIVE_ARCH = YES;
				SDKROOT = iphoneos;
			};
			name = Debug;
		};
		DFF0AF671924084900843BC7 /* Release */ = {
			isa = XCBuildConfiguration;
			buildSettings = {
				ALWAYS_SEARCH_USER_PATHS = NO;
				CLANG_CXX_LANGUAGE_STANDARD = "gnu++0x";
				CLANG_CXX_LIBRARY = "libc++";
				CLANG_ENABLE_MODULES = YES;
				CLANG_ENABLE_OBJC_ARC = YES;
				CLANG_WARN_BOOL_CONVERSION = YES;
				CLANG_WARN_CONSTANT_CONVERSION = YES;
				CLANG_WARN_DIRECT_OBJC_ISA_USAGE = YES_ERROR;
				CLANG_WARN_EMPTY_BODY = YES;
				CLANG_WARN_ENUM_CONVERSION = YES;
				CLANG_WARN_INT_CONVERSION = YES;
				CLANG_WARN_OBJC_ROOT_CLASS = YES_ERROR;
				CLANG_WARN__DUPLICATE_METHOD_MATCH = YES;
				"CODE_SIGN_IDENTITY[sdk=iphoneos*]" = "iPhone Developer";
				COPY_PHASE_STRIP = YES;
				ENABLE_NS_ASSERTIONS = NO;
				GCC_C_LANGUAGE_STANDARD = gnu99;
				GCC_WARN_64_TO_32_BIT_CONVERSION = YES;
				GCC_WARN_ABOUT_RETURN_TYPE = YES_ERROR;
				GCC_WARN_UNDECLARED_SELECTOR = YES;
				GCC_WARN_UNINITIALIZED_AUTOS = YES_AGGRESSIVE;
				GCC_WARN_UNUSED_FUNCTION = YES;
				GCC_WARN_UNUSED_VARIABLE = YES;
				IPHONEOS_DEPLOYMENT_TARGET = 7.1;
				SDKROOT = iphoneos;
				VALIDATE_PRODUCT = YES;
			};
			name = Release;
		};
		DFF0AF691924084900843BC7 /* Debug */ = {
			isa = XCBuildConfiguration;
			buildSettings = {
				ASSETCATALOG_COMPILER_APPICON_NAME = AppIcon;
				ASSETCATALOG_COMPILER_LAUNCHIMAGE_NAME = LaunchImage;
				FRAMEWORK_SEARCH_PATHS = (
					"$(inherited)",
					"$(PROJECT_DIR)",
				);
				GCC_PRECOMPILE_PREFIX_HEADER = YES;
				GCC_PREFIX_HEADER = "ADITL/ADITL-Prefix.pch";
				INFOPLIST_FILE = "ADITL/ADITL-Info.plist";
				PRODUCT_NAME = "$(TARGET_NAME)";
				WRAPPER_EXTENSION = app;
			};
			name = Debug;
		};
		DFF0AF6A1924084900843BC7 /* Release */ = {
			isa = XCBuildConfiguration;
			buildSettings = {
				ASSETCATALOG_COMPILER_APPICON_NAME = AppIcon;
				ASSETCATALOG_COMPILER_LAUNCHIMAGE_NAME = LaunchImage;
				FRAMEWORK_SEARCH_PATHS = (
					"$(inherited)",
					"$(PROJECT_DIR)",
				);
				GCC_PRECOMPILE_PREFIX_HEADER = YES;
				GCC_PREFIX_HEADER = "ADITL/ADITL-Prefix.pch";
				INFOPLIST_FILE = "ADITL/ADITL-Info.plist";
				PRODUCT_NAME = "$(TARGET_NAME)";
				WRAPPER_EXTENSION = app;
			};
			name = Release;
		};
		DFF0AF6C1924084900843BC7 /* Debug */ = {
			isa = XCBuildConfiguration;
			buildSettings = {
				BUNDLE_LOADER = "$(BUILT_PRODUCTS_DIR)/ADITL.app/ADITL";
				FRAMEWORK_SEARCH_PATHS = (
					"$(SDKROOT)/Developer/Library/Frameworks",
					"$(inherited)",
					"$(DEVELOPER_FRAMEWORKS_DIR)",
				);
				GCC_PRECOMPILE_PREFIX_HEADER = YES;
				GCC_PREFIX_HEADER = "ADITL/ADITL-Prefix.pch";
				GCC_PREPROCESSOR_DEFINITIONS = (
					"DEBUG=1",
					"$(inherited)",
				);
				INFOPLIST_FILE = "ADITLTests/ADITLTests-Info.plist";
				PRODUCT_NAME = "$(TARGET_NAME)";
				TEST_HOST = "$(BUNDLE_LOADER)";
				WRAPPER_EXTENSION = xctest;
			};
			name = Debug;
		};
		DFF0AF6D1924084900843BC7 /* Release */ = {
			isa = XCBuildConfiguration;
			buildSettings = {
				BUNDLE_LOADER = "$(BUILT_PRODUCTS_DIR)/ADITL.app/ADITL";
				FRAMEWORK_SEARCH_PATHS = (
					"$(SDKROOT)/Developer/Library/Frameworks",
					"$(inherited)",
					"$(DEVELOPER_FRAMEWORKS_DIR)",
				);
				GCC_PRECOMPILE_PREFIX_HEADER = YES;
				GCC_PREFIX_HEADER = "ADITL/ADITL-Prefix.pch";
				INFOPLIST_FILE = "ADITLTests/ADITLTests-Info.plist";
				PRODUCT_NAME = "$(TARGET_NAME)";
				TEST_HOST = "$(BUNDLE_LOADER)";
				WRAPPER_EXTENSION = xctest;
			};
			name = Release;
		};
/* End XCBuildConfiguration section */

/* Begin XCConfigurationList section */
		DFF0AF311924084900843BC7 /* Build configuration list for PBXProject "ADITL" */ = {
			isa = XCConfigurationList;
			buildConfigurations = (
				DFF0AF661924084900843BC7 /* Debug */,
				DFF0AF671924084900843BC7 /* Release */,
			);
			defaultConfigurationIsVisible = 0;
			defaultConfigurationName = Release;
		};
		DFF0AF681924084900843BC7 /* Build configuration list for PBXNativeTarget "ADITL" */ = {
			isa = XCConfigurationList;
			buildConfigurations = (
				DFF0AF691924084900843BC7 /* Debug */,
				DFF0AF6A1924084900843BC7 /* Release */,
			);
			defaultConfigurationIsVisible = 0;
			defaultConfigurationName = Release;
		};
		DFF0AF6B1924084900843BC7 /* Build configuration list for PBXNativeTarget "ADITLTests" */ = {
			isa = XCConfigurationList;
			buildConfigurations = (
				DFF0AF6C1924084900843BC7 /* Debug */,
				DFF0AF6D1924084900843BC7 /* Release */,
			);
			defaultConfigurationIsVisible = 0;
			defaultConfigurationName = Release;
		};
/* End XCConfigurationList section */
	};
	rootObject = DFF0AF2E1924084900843BC7 /* Project object */;
}
